
Microsoft Visual Studio Solution File, Format Version 12.00
# Visual Studio Version 16
VisualStudioVersion = 16.0.30621.155
MinimumVisualStudioVersion = 10.0.40219.1
Project("{888888A0-9F3D-457C-B088-3A5042F75D52}") = "TasarimProjesi3", "TasarimProjesi3\TasarimProjesi3.pyproj", "{D6F043BC-78EF-40BB-B013-F00A07EAFF77}"
EndProject
Global
	GlobalSection(SolutionConfigurationPlatforms) = preSolution
		Debug|Any CPU = Debug|Any CPU
		Release|Any CPU = Release|Any CPU
	EndGlobalSection
	GlobalSection(ProjectConfigurationPlatforms) = postSolution
		{D6F043BC-78EF-40BB-B013-F00A07EAFF77}.Debug|Any CPU.ActiveCfg = Debug|Any CPU
		{D6F043BC-78EF-40BB-B013-F00A07EAFF77}.Release|Any CPU.ActiveCfg = Release|Any CPU
	EndGlobalSection
	GlobalSection(SolutionProperties) = preSolution
		HideSolutionNode = FALSE
	EndGlobalSection
	GlobalSection(ExtensibilityGlobals) = postSolution
		SolutionGuid = {A525B99F-40A3-495F-9F47-F752C6B48467}
	EndGlobalSection
EndGlobal
